# This file is autogenerated, do not edit; changes may be undone by the next 'dep ensure'.


[[projects]]
  branch = "master"
  name = "github.com/cloudfoundry-incubator/uaago"
  packages = ["."]
  revision = "f020e05c9126e294b1fbfd89743adea3f7d6e098"

[[projects]]
  branch = "master"
  name = "github.com/cloudfoundry/gosteno"
  packages = [".","syslog"]
  revision = "0c8581caea35ac903728230e447792e2365dcc34"

[[projects]]
  name = "github.com/cloudfoundry/noaa"
  packages = [".","consumer","consumer/internal","errors"]
  revision = "a1d4a94e2be6711111893c59538976d07ef7ea98"
  version = "v2.1.0"

[[projects]]
  branch = "master"
  name = "github.com/cloudfoundry/sonde-go"
  packages = ["events"]
  revision = "ceef5634a5fb49fbe4daa9518b82024bc43c6a3e"

[[projects]]
  name = "github.com/gogo/protobuf"
  packages = ["gogoproto","proto","protoc-gen-gogo/descriptor"]
  revision = "100ba4e885062801d56799d78530b73b178a78f3"
  version = "v0.4"

[[projects]]
  branch = "master"
  name = "github.com/gorilla/websocket"
  packages = ["."]
  revision = "a69d9f6de432e2c6b296a947d8a5ee88f68522cf"

[solve-meta]
  analyzer-name = "dep"
  analyzer-version = 1
  inputs-digest = "56e75dba8b8c32b5185757e3235c4ce3aac41c31f149af38712dc03cd1029cd6"
  solver-name = "gps-cdcl"
  solver-version = 1
